
Microsoft Visual Studio Solution File, Format Version 12.00
# Visual Studio Version 17
VisualStudioVersion = 17.14.36221.1
MinimumVisualStudioVersion = 10.0.40219.1
Project("{54A90642-561A-4BB1-A94E-469ADEE60C69}") = "analogagenda.client", "analogagenda.client\analogagenda.client.esproj", "{CC985B51-FBA0-3E85-7133-F95B577DACA0}"
EndProject
Project("{FAE04EC0-301F-11D3-BF4B-00C04F79EFBC}") = "AnalogAgenda.Server", "AnalogAgenda.Server\AnalogAgenda.Server.csproj", "{80A7FC0F-7078-42DC-B7D9-410B7D6A33A5}"
EndProject
Project("{FAE04EC0-301F-11D3-BF4B-00C04F79EFBC}") = "Database", "Database\Database.csproj", "{67203908-8614-4EB1-B54E-AF723480BF79}"
EndProject
Project("{2150E333-8FDC-42A3-9474-1A3956D46DE8}") = "Tests", "Tests", "{02EA681E-C7D8-13C7-8484-4AC65E1B71E8}"
EndProject
Project("{FAE04EC0-301F-11D3-BF4B-00C04F79EFBC}") = "Database.Tests", "Tests\Database.Tests\Database.Tests.csproj", "{2998E87F-759E-47AD-8717-BD7C78E7467F}"
EndProject
Project("{FAE04EC0-301F-11D3-BF4B-00C04F79EFBC}") = "AnalogAgenda.Server.Tests", "Tests\AnalogAgenda.Server.Tests\AnalogAgenda.Server.Tests.csproj", "{9037EC2B-2C95-4138-A792-26EE7C6F73BC}"
EndProject
Project("{FAE04EC0-301F-11D3-BF4B-00C04F79EFBC}") = "Configuration", "Configuration\Configuration.csproj", "{71CA44D8-B228-450B-9586-4A8953B0A3B6}"
EndProject
Project("{FAE04EC0-301F-11D3-BF4B-00C04F79EFBC}") = "AnalogAgenda.AppHost", "AnalogAgenda.AppHost\AnalogAgenda.AppHost.csproj", "{84B38395-9A6F-433A-9D77-9D777FDB1C7D}"
EndProject
Project("{FAE04EC0-301F-11D3-BF4B-00C04F79EFBC}") = "AnalogAgenda.ServiceDefaults", "AnalogAgenda.ServiceDefaults\AnalogAgenda.ServiceDefaults.csproj", "{40E2F016-C6D2-7492-B7FC-7CECBAAAF998}"
EndProject
Global
	GlobalSection(SolutionConfigurationPlatforms) = preSolution
		Debug|Any CPU = Debug|Any CPU
		Release|Any CPU = Release|Any CPU
	EndGlobalSection
	GlobalSection(ProjectConfigurationPlatforms) = postSolution
		{CC985B51-FBA0-3E85-7133-F95B577DACA0}.Debug|Any CPU.ActiveCfg = Debug|Any CPU
		{CC985B51-FBA0-3E85-7133-F95B577DACA0}.Debug|Any CPU.Build.0 = Debug|Any CPU
		{CC985B51-FBA0-3E85-7133-F95B577DACA0}.Debug|Any CPU.Deploy.0 = Debug|Any CPU
		{CC985B51-FBA0-3E85-7133-F95B577DACA0}.Release|Any CPU.ActiveCfg = Release|Any CPU
		{CC985B51-FBA0-3E85-7133-F95B577DACA0}.Release|Any CPU.Build.0 = Release|Any CPU
		{CC985B51-FBA0-3E85-7133-F95B577DACA0}.Release|Any CPU.Deploy.0 = Release|Any CPU
		{80A7FC0F-7078-42DC-B7D9-410B7D6A33A5}.Debug|Any CPU.ActiveCfg = Debug|Any CPU
		{80A7FC0F-7078-42DC-B7D9-410B7D6A33A5}.Debug|Any CPU.Build.0 = Debug|Any CPU
		{80A7FC0F-7078-42DC-B7D9-410B7D6A33A5}.Release|Any CPU.ActiveCfg = Release|Any CPU
		{80A7FC0F-7078-42DC-B7D9-410B7D6A33A5}.Release|Any CPU.Build.0 = Release|Any CPU
		{67203908-8614-4EB1-B54E-AF723480BF79}.Debug|Any CPU.ActiveCfg = Debug|Any CPU
		{67203908-8614-4EB1-B54E-AF723480BF79}.Debug|Any CPU.Build.0 = Debug|Any CPU
		{67203908-8614-4EB1-B54E-AF723480BF79}.Release|Any CPU.ActiveCfg = Release|Any CPU
		{67203908-8614-4EB1-B54E-AF723480BF79}.Release|Any CPU.Build.0 = Release|Any CPU
		{2998E87F-759E-47AD-8717-BD7C78E7467F}.Debug|Any CPU.ActiveCfg = Debug|Any CPU
		{2998E87F-759E-47AD-8717-BD7C78E7467F}.Debug|Any CPU.Build.0 = Debug|Any CPU
		{2998E87F-759E-47AD-8717-BD7C78E7467F}.Release|Any CPU.ActiveCfg = Release|Any CPU
		{2998E87F-759E-47AD-8717-BD7C78E7467F}.Release|Any CPU.Build.0 = Release|Any CPU
		{9037EC2B-2C95-4138-A792-26EE7C6F73BC}.Debug|Any CPU.ActiveCfg = Debug|Any CPU
		{9037EC2B-2C95-4138-A792-26EE7C6F73BC}.Debug|Any CPU.Build.0 = Debug|Any CPU
		{9037EC2B-2C95-4138-A792-26EE7C6F73BC}.Release|Any CPU.ActiveCfg = Release|Any CPU
		{9037EC2B-2C95-4138-A792-26EE7C6F73BC}.Release|Any CPU.Build.0 = Release|Any CPU
		{71CA44D8-B228-450B-9586-4A8953B0A3B6}.Debug|Any CPU.ActiveCfg = Debug|Any CPU
		{71CA44D8-B228-450B-9586-4A8953B0A3B6}.Debug|Any CPU.Build.0 = Debug|Any CPU
		{71CA44D8-B228-450B-9586-4A8953B0A3B6}.Release|Any CPU.ActiveCfg = Release|Any CPU
		{71CA44D8-B228-450B-9586-4A8953B0A3B6}.Release|Any CPU.Build.0 = Release|Any CPU
		{84B38395-9A6F-433A-9D77-9D777FDB1C7D}.Debug|Any CPU.ActiveCfg = Debug|Any CPU
		{84B38395-9A6F-433A-9D77-9D777FDB1C7D}.Debug|Any CPU.Build.0 = Debug|Any CPU
		{84B38395-9A6F-433A-9D77-9D777FDB1C7D}.Release|Any CPU.ActiveCfg = Release|Any CPU
		{84B38395-9A6F-433A-9D77-9D777FDB1C7D}.Release|Any CPU.Build.0 = Release|Any CPU
		{40E2F016-C6D2-7492-B7FC-7CECBAAAF998}.Debug|Any CPU.ActiveCfg = Debug|Any CPU
		{40E2F016-C6D2-7492-B7FC-7CECBAAAF998}.Debug|Any CPU.Build.0 = Debug|Any CPU
		{40E2F016-C6D2-7492-B7FC-7CECBAAAF998}.Release|Any CPU.ActiveCfg = Release|Any CPU
		{40E2F016-C6D2-7492-B7FC-7CECBAAAF998}.Release|Any CPU.Build.0 = Release|Any CPU
	EndGlobalSection
	GlobalSection(SolutionProperties) = preSolution
		HideSolutionNode = FALSE
	EndGlobalSection
	GlobalSection(NestedProjects) = preSolution
		{2998E87F-759E-47AD-8717-BD7C78E7467F} = {02EA681E-C7D8-13C7-8484-4AC65E1B71E8}
		{9037EC2B-2C95-4138-A792-26EE7C6F73BC} = {02EA681E-C7D8-13C7-8484-4AC65E1B71E8}
	EndGlobalSection
	GlobalSection(ExtensibilityGlobals) = postSolution
		SolutionGuid = {B6169003-EE34-4C93-BFB5-7A1E70B3237B}
	EndGlobalSection
EndGlobal
